
Microsoft Visual Studio Solution File, Format Version 12.00
# Visual Studio Version 16
VisualStudioVersion = 16.0.30204.135
MinimumVisualStudioVersion = 10.0.40219.1
Project("{FAE04EC0-301F-11D3-BF4B-00C04F79EFBC}") = "MimicAPI", "MimicAPI\MimicAPI.csproj", "{579E1943-8EFC-4566-B35E-D460C9E0253B}"
EndProject
Global
	GlobalSection(SolutionConfigurationPlatforms) = preSolution
		Debug|Any CPU = Debug|Any CPU
		Release|Any CPU = Release|Any CPU
	EndGlobalSection
	GlobalSection(ProjectConfigurationPlatforms) = postSolution
		{579E1943-8EFC-4566-B35E-D460C9E0253B}.Debug|Any CPU.ActiveCfg = Debug|Any CPU
		{579E1943-8EFC-4566-B35E-D460C9E0253B}.Debug|Any CPU.Build.0 = Debug|Any CPU
		{579E1943-8EFC-4566-B35E-D460C9E0253B}.Release|Any CPU.ActiveCfg = Release|Any CPU
		{579E1943-8EFC-4566-B35E-D460C9E0253B}.Release|Any CPU.Build.0 = Release|Any CPU
	EndGlobalSection
	GlobalSection(SolutionProperties) = preSolution
		HideSolutionNode = FALSE
	EndGlobalSection
	GlobalSection(ExtensibilityGlobals) = postSolution
		SolutionGuid = {33E2AF62-83CE-41D1-87B8-9B6EFFF52D13}
	EndGlobalSection
EndGlobal
